
Microsoft Visual Studio Solution File, Format Version 12.00
# Visual Studio Version 17
VisualStudioVersion = 17.0.31903.59
MinimumVisualStudioVersion = 10.0.40219.1
Project("{FAE04EC0-301F-11D3-BF4B-00C04F79EFBC}") = "Application", "Applicaton\Application.csproj", "{D80A38D5-28A8-46DD-A993-D8727447DE51}"
EndProject
Project("{FAE04EC0-301F-11D3-BF4B-00C04F79EFBC}") = "Infrastructure", "Infrastructure\Infrastructure.csproj", "{640A20DB-50FB-4212-BDC2-33B790FF31CD}"
EndProject
Project("{FAE04EC0-301F-11D3-BF4B-00C04F79EFBC}") = "Domain", "Domain\Domain.csproj", "{D724624A-1738-4C47-8B23-DB073202C214}"
EndProject
Project("{2150E333-8FDC-42A3-9474-1A3956D46DE8}") = "Web", "Web", "{98AAB325-085F-4E9F-AB11-6D53E5964E35}"
EndProject
Project("{FAE04EC0-301F-11D3-BF4B-00C04F79EFBC}") = "ClinicaBomViver.Api", "Web\ClinicaBomViver.Api\ClinicaBomViver.Api.csproj", "{EE4C6E97-12E5-4A3E-83A5-A3CFCB7474B5}"
EndProject
Global
	GlobalSection(SolutionConfigurationPlatforms) = preSolution
		Debug|Any CPU = Debug|Any CPU
		Release|Any CPU = Release|Any CPU
	EndGlobalSection
	GlobalSection(SolutionProperties) = preSolution
		HideSolutionNode = FALSE
	EndGlobalSection
	GlobalSection(ProjectConfigurationPlatforms) = postSolution
		{D80A38D5-28A8-46DD-A993-D8727447DE51}.Debug|Any CPU.ActiveCfg = Debug|Any CPU
		{D80A38D5-28A8-46DD-A993-D8727447DE51}.Debug|Any CPU.Build.0 = Debug|Any CPU
		{D80A38D5-28A8-46DD-A993-D8727447DE51}.Release|Any CPU.ActiveCfg = Release|Any CPU
		{D80A38D5-28A8-46DD-A993-D8727447DE51}.Release|Any CPU.Build.0 = Release|Any CPU
		{640A20DB-50FB-4212-BDC2-33B790FF31CD}.Debug|Any CPU.ActiveCfg = Debug|Any CPU
		{640A20DB-50FB-4212-BDC2-33B790FF31CD}.Debug|Any CPU.Build.0 = Debug|Any CPU
		{640A20DB-50FB-4212-BDC2-33B790FF31CD}.Release|Any CPU.ActiveCfg = Release|Any CPU
		{640A20DB-50FB-4212-BDC2-33B790FF31CD}.Release|Any CPU.Build.0 = Release|Any CPU
		{D724624A-1738-4C47-8B23-DB073202C214}.Debug|Any CPU.ActiveCfg = Debug|Any CPU
		{D724624A-1738-4C47-8B23-DB073202C214}.Debug|Any CPU.Build.0 = Debug|Any CPU
		{D724624A-1738-4C47-8B23-DB073202C214}.Release|Any CPU.ActiveCfg = Release|Any CPU
		{D724624A-1738-4C47-8B23-DB073202C214}.Release|Any CPU.Build.0 = Release|Any CPU
		{180C3FEE-9AC5-4EC1-9DC8-A34A2E1336A4}.Debug|Any CPU.ActiveCfg = Debug|Any CPU
		{180C3FEE-9AC5-4EC1-9DC8-A34A2E1336A4}.Debug|Any CPU.Build.0 = Debug|Any CPU
		{180C3FEE-9AC5-4EC1-9DC8-A34A2E1336A4}.Release|Any CPU.ActiveCfg = Release|Any CPU
		{180C3FEE-9AC5-4EC1-9DC8-A34A2E1336A4}.Release|Any CPU.Build.0 = Release|Any CPU
		{EE4C6E97-12E5-4A3E-83A5-A3CFCB7474B5}.Debug|Any CPU.ActiveCfg = Debug|Any CPU
		{EE4C6E97-12E5-4A3E-83A5-A3CFCB7474B5}.Debug|Any CPU.Build.0 = Debug|Any CPU
		{EE4C6E97-12E5-4A3E-83A5-A3CFCB7474B5}.Release|Any CPU.ActiveCfg = Release|Any CPU
		{EE4C6E97-12E5-4A3E-83A5-A3CFCB7474B5}.Release|Any CPU.Build.0 = Release|Any CPU
	EndGlobalSection
	GlobalSection(NestedProjects) = preSolution
		{EE4C6E97-12E5-4A3E-83A5-A3CFCB7474B5} = {98AAB325-085F-4E9F-AB11-6D53E5964E35}
	EndGlobalSection
EndGlobal
